{
  "name": "soundsphere1.3",
  "version": "1.0.0",
  "lockfileVersion": 1,
  "requires": true,
  "dependencies": {
    "@types/cash": {
      "version": "0.0.1",
      "resolved": "https://registry.npmjs.org/@types/cash/-/cash-0.0.1.tgz",
      "integrity": "sha1-VYifNG49tqy4y5xkzDWAzx1tvxo="
    },
    "@types/jquery": {
      "version": "3.3.6",
      "resolved": "https://registry.npmjs.org/@types/jquery/-/jquery-3.3.6.tgz",
      "integrity": "sha512-403D4wN95Mtzt2EoQHARf5oe/jEPhzBOBNrunk+ydQGW8WmkQ/E8rViRAEB1qEt/vssfGfNVD6ujP4FVeegrLg=="
    },
    "@types/materialize-css": {
      "version": "1.0.4",
      "resolved": "https://registry.npmjs.org/@types/materialize-css/-/materialize-css-1.0.4.tgz",
      "integrity": "sha512-LTPtG9nTRB0OjGpwSqL2n1Nemr1cHnW1GHhuIuoWsTS4pBfiboO/aW7i9HF9cAIf73KLk5rSTY1xWh8tv78LSQ==",
      "requires": {
        "@types/cash": "*",
        "@types/jquery": "*"
      }
    },
    "@types/node": {
      "version": "10.9.4",
      "resolved": "https://registry.npmjs.org/@types/node/-/node-10.9.4.tgz",
      "integrity": "sha512-fCHV45gS+m3hH17zgkgADUSi2RR1Vht6wOZ0jyHP8rjiQra9f+mIcgwPQHllmDocYOstIEbKlxbFDYlgrTPYqw==",
      "dev": true
    },
    "@types/semantic-ui": {
      "version": "2.2.6",
      "resolved": "https://registry.npmjs.org/@types/semantic-ui/-/semantic-ui-2.2.6.tgz",
      "integrity": "sha512-tZ5uBxjgx+iQ0Z2v1rRve4dM6F3Pn/fMEqr+L/kKfDwiPvxSZbae974hUp+gw6kZfFxJRhTCqMBTRzy0gljPYQ==",
      "requires": {
        "@types/jquery": "*",
        "@types/semantic-ui-accordion": "*",
        "@types/semantic-ui-api": "*",
        "@types/semantic-ui-checkbox": "*",
        "@types/semantic-ui-dimmer": "*",
        "@types/semantic-ui-dropdown": "*",
        "@types/semantic-ui-embed": "*",
        "@types/semantic-ui-form": "*",
        "@types/semantic-ui-modal": "*",
        "@types/semantic-ui-nag": "*",
        "@types/semantic-ui-popup": "*",
        "@types/semantic-ui-progress": "*",
        "@types/semantic-ui-rating": "*",
        "@types/semantic-ui-search": "*",
        "@types/semantic-ui-shape": "*",
        "@types/semantic-ui-sidebar": "*",
        "@types/semantic-ui-site": "*",
        "@types/semantic-ui-sticky": "*",
        "@types/semantic-ui-tab": "*",
        "@types/semantic-ui-transition": "*",
        "@types/semantic-ui-visibility": "*"
      }
    },
    "@types/semantic-ui-accordion": {
      "version": "2.2.2",
      "resolved": "https://registry.npmjs.org/@types/semantic-ui-accordion/-/semantic-ui-accordion-2.2.2.tgz",
      "integrity": "sha512-XClXI/20W7iFLQ7eyslZswbdv3A4qWEnFz8JvOylGatCW7biTLVhMBPcN0b17TZ1GeV4V/l3ctmvTEBCHvg8CA==",
      "requires": {
        "@types/jquery": "*"
      }
    },
    "@types/semantic-ui-api": {
      "version": "2.2.4",
      "resolved": "https://registry.npmjs.org/@types/semantic-ui-api/-/semantic-ui-api-2.2.4.tgz",
      "integrity": "sha512-6IvCjZDJ0TVb1EtnNFQPNyVmOZnLGPEKyEAs9G0FF3XuAyyOdtfD4NGHJ0kknnX1FD+++ye0EuSVFDutbwEFWw==",
      "requires": {
        "@types/jquery": "*"
      }
    },
    "@types/semantic-ui-checkbox": {
      "version": "2.2.2",
      "resolved": "https://registry.npmjs.org/@types/semantic-ui-checkbox/-/semantic-ui-checkbox-2.2.2.tgz",
      "integrity": "sha512-ZTAy3yNwOAaoznxsFoR33XopJnyyzAGrLeDpn7hVTkUYm7wgGsgOpRfG2psdM3fIOCkZkkE9IEAp1pLGBifL1g==",
      "requires": {
        "@types/jquery": "*"
      }
    },
    "@types/semantic-ui-dimmer": {
      "version": "2.2.2",
      "resolved": "https://registry.npmjs.org/@types/semantic-ui-dimmer/-/semantic-ui-dimmer-2.2.2.tgz",
      "integrity": "sha512-wK7da/70UJ9AU7Ju2MeOO9sjRPrhU6jf+VvHiTwlaCGm7+ALiJThd88D1iB6ODDQpm+ebjIbQkvAmDSkMpmKlg==",
      "requires": {
        "@types/jquery": "*"
      }
    },
    "@types/semantic-ui-dropdown": {
      "version": "2.2.2",
      "resolved": "https://registry.npmjs.org/@types/semantic-ui-dropdown/-/semantic-ui-dropdown-2.2.2.tgz",
      "integrity": "sha512-5EUoIBXdnskVSxj4xnrZclzQZyvrnuTRZtTOi1U9YQfhoIAec7+E2ITTLaBElslIq9yyEwmjsZ2ORRxftYvUQA==",
      "requires": {
        "@types/jquery": "*",
        "@types/semantic-ui-api": "*"
      }
    },
    "@types/semantic-ui-embed": {
      "version": "2.2.2",
      "resolved": "https://registry.npmjs.org/@types/semantic-ui-embed/-/semantic-ui-embed-2.2.2.tgz",
      "integrity": "sha512-5sW99BtK2SIBs9/sSM/0vMr6tphPyPXHyClhFX1tJi0L5ZH0wEmf6XcBRZgROe3ueHYVaJ0Pt/zwPQ5SMW0xDg==",
      "requires": {
        "@types/jquery": "*"
      }
    },
    "@types/semantic-ui-form": {
      "version": "2.2.4",
      "resolved": "https://registry.npmjs.org/@types/semantic-ui-form/-/semantic-ui-form-2.2.4.tgz",
      "integrity": "sha512-o2fR+fmme+biYr953sF6xsp0IW4XysnI5jCOJKAWCrPeV756os1XMuRb326Zu7V2HzssWjXET0OKU705OHEnWQ==",
      "requires": {
        "@types/jquery": "*"
      }
    },
    "@types/semantic-ui-modal": {
      "version": "2.2.3",
      "resolved": "https://registry.npmjs.org/@types/semantic-ui-modal/-/semantic-ui-modal-2.2.3.tgz",
      "integrity": "sha512-Th48BFk1pd4kluFjCUDKn7Aml3xoLdFFK8wFQRz6UsOMdvsXx2OrNkubhjqc79tcBzONC7NszSW2ImslPPHNCg==",
      "requires": {
        "@types/jquery": "*",
        "@types/semantic-ui-dimmer": "*"
      }
    },
    "@types/semantic-ui-nag": {
      "version": "2.2.2",
      "resolved": "https://registry.npmjs.org/@types/semantic-ui-nag/-/semantic-ui-nag-2.2.2.tgz",
      "integrity": "sha512-gqjSFmMLw8vtPa6/Rv/mFBK1mdqaUbLkhUA4CsTDhkibUqnNqpvI/d1XFFLdC/ULu9v7UloMTCndSGKao+q5oA==",
      "requires": {
        "@types/jquery": "*"
      }
    },
    "@types/semantic-ui-popup": {
      "version": "2.2.3",
      "resolved": "https://registry.npmjs.org/@types/semantic-ui-popup/-/semantic-ui-popup-2.2.3.tgz",
      "integrity": "sha512-tw7FXUTAs+GEU939RBpOCVq9H8vYpsr8uYvJC0RUxXCYXCUHsgYzgIIklKoD+xPvUCf34MHnMBwrrTCMJosxGg==",
      "requires": {
        "@types/jquery": "*"
      }
    },
    "@types/semantic-ui-progress": {
      "version": "2.2.3",
      "resolved": "https://registry.npmjs.org/@types/semantic-ui-progress/-/semantic-ui-progress-2.2.3.tgz",
      "integrity": "sha512-gv0i4+/uVbUJnuTzNv2oEqJ8CMQPeAR6K+s2zm1r4waH+8ZQ0SKM1DZ4t3w4gEMxhXqZVlLlyIhfY1SmUI0GuQ==",
      "requires": {
        "@types/jquery": "*"
      }
    },
    "@types/semantic-ui-rating": {
      "version": "2.2.2",
      "resolved": "https://registry.npmjs.org/@types/semantic-ui-rating/-/semantic-ui-rating-2.2.2.tgz",
      "integrity": "sha512-9497T8bEnkadWtQDl5Hno9lviZ2bJjx5rKd/Gfq6PWZ1/4/71LrYdH1DSr+sHYJ5HkaSA0b7GFVCTxi9pEdd6Q==",
      "requires": {
        "@types/jquery": "*"
      }
    },
    "@types/semantic-ui-search": {
      "version": "2.2.3",
      "resolved": "https://registry.npmjs.org/@types/semantic-ui-search/-/semantic-ui-search-2.2.3.tgz",
      "integrity": "sha512-JVrrW9uakXTudNm1MGrkRpirL2vm8NCVtrPyH6zIbBNqi08UPeHY8yxjnFpTPv5sMKBGGhkSn9cYrGz6Cweg2Q==",
      "requires": {
        "@types/jquery": "*",
        "@types/semantic-ui-api": "*"
      }
    },
    "@types/semantic-ui-shape": {
      "version": "2.2.2",
      "resolved": "https://registry.npmjs.org/@types/semantic-ui-shape/-/semantic-ui-shape-2.2.2.tgz",
      "integrity": "sha512-bXaeheuuDY3rAmA5QQRAA0fzMiEkhRgZts5i7w/d1XlMHCVNeHIIAbhTurl3bPwTlbr0NI7T3ZmxH0EKRVdIEg==",
      "requires": {
        "@types/jquery": "*"
      }
    },
    "@types/semantic-ui-sidebar": {
      "version": "2.2.2",
      "resolved": "https://registry.npmjs.org/@types/semantic-ui-sidebar/-/semantic-ui-sidebar-2.2.2.tgz",
      "integrity": "sha512-fm/whmNiyTzQwduc4maV9XjdwVc4pVlkhX5vippW9ukCCkVGY8qBgQKHFYhAHPhe7sCsGIuS+Vpr83t8X7Fg8w==",
      "requires": {
        "@types/jquery": "*"
      }
    },
    "@types/semantic-ui-site": {
      "version": "2.2.2",
      "resolved": "https://registry.npmjs.org/@types/semantic-ui-site/-/semantic-ui-site-2.2.2.tgz",
      "integrity": "sha512-XxwUxqpBLAlPpO7OqAYIdBRsZTmKLXvSzBLczms3JshnoChEZbxtKRYxSxgK93Y4XYCfKnpXQXEF6RIw5FF/mA==",
      "requires": {
        "@types/jquery": "*"
      }
    },
    "@types/semantic-ui-sticky": {
      "version": "2.2.3",
      "resolved": "https://registry.npmjs.org/@types/semantic-ui-sticky/-/semantic-ui-sticky-2.2.3.tgz",
      "integrity": "sha512-HOhd+W75u9Hk0owQXUGdDKpvVhKl/207hueZqTTREZPTmxALAHbl6bHKxnvcJqRerhOFdObQcCFZGL5DEXRtcA==",
      "requires": {
        "@types/jquery": "*"
      }
    },
    "@types/semantic-ui-tab": {
      "version": "2.2.2",
      "resolved": "https://registry.npmjs.org/@types/semantic-ui-tab/-/semantic-ui-tab-2.2.2.tgz",
      "integrity": "sha512-o7a2TJAxjh7pVqRzpQmJd7hTcaDv/tAYJh2Aez5mYiRrFylhzwIrJAcXhSwVRVInPZkc8MDlBPg8Xm+QJ98rLw==",
      "requires": {
        "@types/jquery": "*",
        "@types/semantic-ui-api": "*"
      }
    },
    "@types/semantic-ui-transition": {
      "version": "2.2.2",
      "resolved": "https://registry.npmjs.org/@types/semantic-ui-transition/-/semantic-ui-transition-2.2.2.tgz",
      "integrity": "sha512-wZJICf3qCr+68zPvzTKC9nQJ3mneW+K/K9Y2KphxujWgMCkOQEetDNb5Dbt9YZe92L0SnaPaDgp1KVaKAortdw==",
      "requires": {
        "@types/jquery": "*"
      }
    },
    "@types/semantic-ui-visibility": {
      "version": "2.2.2",
      "resolved": "https://registry.npmjs.org/@types/semantic-ui-visibility/-/semantic-ui-visibility-2.2.2.tgz",
      "integrity": "sha512-3qMvEI5Q7FemNuri6ZpJT4k8DlpxKGb0i3Jvg8EIwsfFMkpEeQDKWL11DZ4QSv83Ynv3XceB5JbropAEbUILVw==",
      "requires": {
        "@types/jquery": "*"
      }
    },
    "@types/webaudioapi": {
      "version": "0.0.27",
      "resolved": "https://registry.npmjs.org/@types/webaudioapi/-/webaudioapi-0.0.27.tgz",
      "integrity": "sha1-ij+Y6qB8tXe+La4iMR03w7VF908="
    },
    "@types/webspeechapi": {
      "version": "0.0.29",
      "resolved": "https://registry.npmjs.org/@types/webspeechapi/-/webspeechapi-0.0.29.tgz",
      "integrity": "sha512-AYEhqEJLdR08YPBOwYa73IHTiGU4DdngbKbtZdW+bzuM7s8LzKBed0Fwgl/a3oMqMY227qOT+3Lpr5A0WSmm+A=="
    },
    "ts-promise": {
      "version": "2.1.0",
      "resolved": "https://registry.npmjs.org/ts-promise/-/ts-promise-2.1.0.tgz",
      "integrity": "sha512-184k2W1YX0BN1Un9ct+Z1XxHVwF3RAPyceNwCh8+58xQlKbUY7sckigHltw04XFVx+bk+NNSEQHTD1JirLwGZg=="
    }
  }
}
